
Microsoft Visual Studio Solution File, Format Version 12.00
# Visual Studio 15
VisualStudioVersion = 15.0.27130.2036
MinimumVisualStudioVersion = 10.0.40219.1
Project("{FAE04EC0-301F-11D3-BF4B-00C04F79EFBC}") = "01.DefineInterfaceIPerson", "01.DefineInterfaceIPerson\01.DefineInterfaceIPerson.csproj", "{BE2792AA-CFE5-4FF4-83D9-8FEF7E04DB8A}"
EndProject
Project("{FAE04EC0-301F-11D3-BF4B-00C04F79EFBC}") = "02.MultipleImplementation", "02.MultipleImplementation\02.MultipleImplementation.csproj", "{04233485-7D96-4AA8-99CB-697443403C65}"
EndProject
Global
	GlobalSection(SolutionConfigurationPlatforms) = preSolution
		Debug|Any CPU = Debug|Any CPU
		Release|Any CPU = Release|Any CPU
	EndGlobalSection
	GlobalSection(ProjectConfigurationPlatforms) = postSolution
		{BE2792AA-CFE5-4FF4-83D9-8FEF7E04DB8A}.Debug|Any CPU.ActiveCfg = Debug|Any CPU
		{BE2792AA-CFE5-4FF4-83D9-8FEF7E04DB8A}.Debug|Any CPU.Build.0 = Debug|Any CPU
		{BE2792AA-CFE5-4FF4-83D9-8FEF7E04DB8A}.Release|Any CPU.ActiveCfg = Release|Any CPU
		{BE2792AA-CFE5-4FF4-83D9-8FEF7E04DB8A}.Release|Any CPU.Build.0 = Release|Any CPU
		{04233485-7D96-4AA8-99CB-697443403C65}.Debug|Any CPU.ActiveCfg = Debug|Any CPU
		{04233485-7D96-4AA8-99CB-697443403C65}.Debug|Any CPU.Build.0 = Debug|Any CPU
		{04233485-7D96-4AA8-99CB-697443403C65}.Release|Any CPU.ActiveCfg = Release|Any CPU
		{04233485-7D96-4AA8-99CB-697443403C65}.Release|Any CPU.Build.0 = Release|Any CPU
	EndGlobalSection
	GlobalSection(SolutionProperties) = preSolution
		HideSolutionNode = FALSE
	EndGlobalSection
	GlobalSection(ExtensibilityGlobals) = postSolution
		SolutionGuid = {52654138-5164-443A-B7A8-847915F033E7}
	EndGlobalSection
EndGlobal
