
Microsoft Visual Studio Solution File, Format Version 12.00
# Visual Studio 15
VisualStudioVersion = 15.0.27130.2036
MinimumVisualStudioVersion = 10.0.40219.1
Project("{9A19103F-16F7-4668-BE54-9A1E7A4F7556}") = "1.Person", "1.Person\1.Person.csproj", "{370F9B9F-89FF-475C-87C8-A713A1AAF856}"
EndProject
Project("{9A19103F-16F7-4668-BE54-9A1E7A4F7556}") = "2.BookShop", "2.BookShop\2.BookShop.csproj", "{3737CC75-C462-402E-BF7B-526AC749B62A}"
EndProject
Project("{9A19103F-16F7-4668-BE54-9A1E7A4F7556}") = "3.Mankind", "3.Mankind\3.Mankind.csproj", "{195DFE1A-C367-4E94-9A13-62EDB2EF5DE9}"
EndProject
Project("{FAE04EC0-301F-11D3-BF4B-00C04F79EFBC}") = "4.OnlineRadioDatabase", "4.OnlineRadioDatabase\4.OnlineRadioDatabase.csproj", "{B8AC221E-7B58-49A0-9DAF-18345DA41A75}"
EndProject
Global
	GlobalSection(SolutionConfigurationPlatforms) = preSolution
		Debug|Any CPU = Debug|Any CPU
		Release|Any CPU = Release|Any CPU
	EndGlobalSection
	GlobalSection(ProjectConfigurationPlatforms) = postSolution
		{370F9B9F-89FF-475C-87C8-A713A1AAF856}.Debug|Any CPU.ActiveCfg = Debug|Any CPU
		{370F9B9F-89FF-475C-87C8-A713A1AAF856}.Debug|Any CPU.Build.0 = Debug|Any CPU
		{370F9B9F-89FF-475C-87C8-A713A1AAF856}.Release|Any CPU.ActiveCfg = Release|Any CPU
		{370F9B9F-89FF-475C-87C8-A713A1AAF856}.Release|Any CPU.Build.0 = Release|Any CPU
		{3737CC75-C462-402E-BF7B-526AC749B62A}.Debug|Any CPU.ActiveCfg = Debug|Any CPU
		{3737CC75-C462-402E-BF7B-526AC749B62A}.Debug|Any CPU.Build.0 = Debug|Any CPU
		{3737CC75-C462-402E-BF7B-526AC749B62A}.Release|Any CPU.ActiveCfg = Release|Any CPU
		{3737CC75-C462-402E-BF7B-526AC749B62A}.Release|Any CPU.Build.0 = Release|Any CPU
		{195DFE1A-C367-4E94-9A13-62EDB2EF5DE9}.Debug|Any CPU.ActiveCfg = Debug|Any CPU
		{195DFE1A-C367-4E94-9A13-62EDB2EF5DE9}.Debug|Any CPU.Build.0 = Debug|Any CPU
		{195DFE1A-C367-4E94-9A13-62EDB2EF5DE9}.Release|Any CPU.ActiveCfg = Release|Any CPU
		{195DFE1A-C367-4E94-9A13-62EDB2EF5DE9}.Release|Any CPU.Build.0 = Release|Any CPU
		{B8AC221E-7B58-49A0-9DAF-18345DA41A75}.Debug|Any CPU.ActiveCfg = Debug|Any CPU
		{B8AC221E-7B58-49A0-9DAF-18345DA41A75}.Debug|Any CPU.Build.0 = Debug|Any CPU
		{B8AC221E-7B58-49A0-9DAF-18345DA41A75}.Release|Any CPU.ActiveCfg = Release|Any CPU
		{B8AC221E-7B58-49A0-9DAF-18345DA41A75}.Release|Any CPU.Build.0 = Release|Any CPU
	EndGlobalSection
	GlobalSection(SolutionProperties) = preSolution
		HideSolutionNode = FALSE
	EndGlobalSection
	GlobalSection(ExtensibilityGlobals) = postSolution
		SolutionGuid = {F949EC63-A2D7-40C1-8CD3-5445E63A141A}
	EndGlobalSection
EndGlobal
