
Microsoft Visual Studio Solution File, Format Version 12.00
# Visual Studio 15
VisualStudioVersion = 15.0.27130.2036
MinimumVisualStudioVersion = 10.0.40219.1
Project("{9A19103F-16F7-4668-BE54-9A1E7A4F7556}") = "1.EventImplementation", "1.EventImplementation\1.EventImplementation.csproj", "{437AF32E-D56C-4348-A478-3AF71C73D036}"
EndProject
Project("{9A19103F-16F7-4668-BE54-9A1E7A4F7556}") = "2.KingsGambit", "2.KingsGambit\2.KingsGambit.csproj", "{23A92878-2C0C-46BE-837C-59232DB33315}"
EndProject
Project("{9A19103F-16F7-4668-BE54-9A1E7A4F7556}") = "3.DependencyInversion", "3.DependencyInversion\3.DependencyInversion.csproj", "{6B80FFC6-7F73-46D0-B400-397DC948393F}"
EndProject
Project("{9A19103F-16F7-4668-BE54-9A1E7A4F7556}") = "5.KingsGambitExtended", "5.KingsGambitExtended\5.KingsGambitExtended.csproj", "{1B754F45-76EE-4F98-849E-14EA4E311D11}"
EndProject
Project("{FAE04EC0-301F-11D3-BF4B-00C04F79EFBC}") = "4.WorkForce", "4.WorkForce\4.WorkForce.csproj", "{068BF863-6F00-498A-9A8A-24E6FF2CFB6A}"
EndProject
Global
	GlobalSection(SolutionConfigurationPlatforms) = preSolution
		Debug|Any CPU = Debug|Any CPU
		Release|Any CPU = Release|Any CPU
	EndGlobalSection
	GlobalSection(ProjectConfigurationPlatforms) = postSolution
		{437AF32E-D56C-4348-A478-3AF71C73D036}.Debug|Any CPU.ActiveCfg = Debug|Any CPU
		{437AF32E-D56C-4348-A478-3AF71C73D036}.Debug|Any CPU.Build.0 = Debug|Any CPU
		{437AF32E-D56C-4348-A478-3AF71C73D036}.Release|Any CPU.ActiveCfg = Release|Any CPU
		{437AF32E-D56C-4348-A478-3AF71C73D036}.Release|Any CPU.Build.0 = Release|Any CPU
		{23A92878-2C0C-46BE-837C-59232DB33315}.Debug|Any CPU.ActiveCfg = Debug|Any CPU
		{23A92878-2C0C-46BE-837C-59232DB33315}.Debug|Any CPU.Build.0 = Debug|Any CPU
		{23A92878-2C0C-46BE-837C-59232DB33315}.Release|Any CPU.ActiveCfg = Release|Any CPU
		{23A92878-2C0C-46BE-837C-59232DB33315}.Release|Any CPU.Build.0 = Release|Any CPU
		{6B80FFC6-7F73-46D0-B400-397DC948393F}.Debug|Any CPU.ActiveCfg = Debug|Any CPU
		{6B80FFC6-7F73-46D0-B400-397DC948393F}.Debug|Any CPU.Build.0 = Debug|Any CPU
		{6B80FFC6-7F73-46D0-B400-397DC948393F}.Release|Any CPU.ActiveCfg = Release|Any CPU
		{6B80FFC6-7F73-46D0-B400-397DC948393F}.Release|Any CPU.Build.0 = Release|Any CPU
		{1B754F45-76EE-4F98-849E-14EA4E311D11}.Debug|Any CPU.ActiveCfg = Debug|Any CPU
		{1B754F45-76EE-4F98-849E-14EA4E311D11}.Debug|Any CPU.Build.0 = Debug|Any CPU
		{1B754F45-76EE-4F98-849E-14EA4E311D11}.Release|Any CPU.ActiveCfg = Release|Any CPU
		{1B754F45-76EE-4F98-849E-14EA4E311D11}.Release|Any CPU.Build.0 = Release|Any CPU
		{068BF863-6F00-498A-9A8A-24E6FF2CFB6A}.Debug|Any CPU.ActiveCfg = Debug|Any CPU
		{068BF863-6F00-498A-9A8A-24E6FF2CFB6A}.Debug|Any CPU.Build.0 = Debug|Any CPU
		{068BF863-6F00-498A-9A8A-24E6FF2CFB6A}.Release|Any CPU.ActiveCfg = Release|Any CPU
		{068BF863-6F00-498A-9A8A-24E6FF2CFB6A}.Release|Any CPU.Build.0 = Release|Any CPU
	EndGlobalSection
	GlobalSection(SolutionProperties) = preSolution
		HideSolutionNode = FALSE
	EndGlobalSection
	GlobalSection(ExtensibilityGlobals) = postSolution
		SolutionGuid = {B3AA2ED4-87BA-447E-8EAB-2998E8FB2F93}
	EndGlobalSection
EndGlobal
