
Microsoft Visual Studio Solution File, Format Version 12.00
# Visual Studio 15
VisualStudioVersion = 15.0.27130.2036
MinimumVisualStudioVersion = 10.0.40219.1
Project("{FAE04EC0-301F-11D3-BF4B-00C04F79EFBC}") = "00.GenericBox", "00.GenericBox\00.GenericBox.csproj", "{DF3F1931-9D68-4D78-84B7-A555CCE65CB2}"
EndProject
Project("{FAE04EC0-301F-11D3-BF4B-00C04F79EFBC}") = "01.GenericBoxOfString", "01.GenericBoxOfString\01.GenericBoxOfString.csproj", "{A6D1E276-6985-4636-9983-21E62DCF06ED}"
EndProject
Project("{FAE04EC0-301F-11D3-BF4B-00C04F79EFBC}") = "02.GenericBoxOfInteger", "02.GenericBoxOfInteger\02.GenericBoxOfInteger.csproj", "{63B47782-4A4F-4832-9E36-C79A576EC438}"
EndProject
Project("{FAE04EC0-301F-11D3-BF4B-00C04F79EFBC}") = "03.GenericSwapMethodStrings", "03.GenericSwapMethodStrings\03.GenericSwapMethodStrings.csproj", "{61E318A9-D7A6-4D38-9743-D8AC677B4834}"
EndProject
Project("{FAE04EC0-301F-11D3-BF4B-00C04F79EFBC}") = "04.GenericSwapMethodIntegers", "04.GenericSwapMethodIntegers\04.GenericSwapMethodIntegers.csproj", "{B77B17FA-15E3-4614-B475-B4211B533FA8}"
EndProject
Project("{FAE04EC0-301F-11D3-BF4B-00C04F79EFBC}") = "05.GenericCountMethodStrings", "05.GenericCountMethodStrings\05.GenericCountMethodStrings.csproj", "{0ECBC64E-7813-46A5-ACD5-35186FD0099F}"
EndProject
Global
	GlobalSection(SolutionConfigurationPlatforms) = preSolution
		Debug|Any CPU = Debug|Any CPU
		Release|Any CPU = Release|Any CPU
	EndGlobalSection
	GlobalSection(ProjectConfigurationPlatforms) = postSolution
		{DF3F1931-9D68-4D78-84B7-A555CCE65CB2}.Debug|Any CPU.ActiveCfg = Debug|Any CPU
		{DF3F1931-9D68-4D78-84B7-A555CCE65CB2}.Debug|Any CPU.Build.0 = Debug|Any CPU
		{DF3F1931-9D68-4D78-84B7-A555CCE65CB2}.Release|Any CPU.ActiveCfg = Release|Any CPU
		{DF3F1931-9D68-4D78-84B7-A555CCE65CB2}.Release|Any CPU.Build.0 = Release|Any CPU
		{A6D1E276-6985-4636-9983-21E62DCF06ED}.Debug|Any CPU.ActiveCfg = Debug|Any CPU
		{A6D1E276-6985-4636-9983-21E62DCF06ED}.Debug|Any CPU.Build.0 = Debug|Any CPU
		{A6D1E276-6985-4636-9983-21E62DCF06ED}.Release|Any CPU.ActiveCfg = Release|Any CPU
		{A6D1E276-6985-4636-9983-21E62DCF06ED}.Release|Any CPU.Build.0 = Release|Any CPU
		{63B47782-4A4F-4832-9E36-C79A576EC438}.Debug|Any CPU.ActiveCfg = Debug|Any CPU
		{63B47782-4A4F-4832-9E36-C79A576EC438}.Debug|Any CPU.Build.0 = Debug|Any CPU
		{63B47782-4A4F-4832-9E36-C79A576EC438}.Release|Any CPU.ActiveCfg = Release|Any CPU
		{63B47782-4A4F-4832-9E36-C79A576EC438}.Release|Any CPU.Build.0 = Release|Any CPU
		{61E318A9-D7A6-4D38-9743-D8AC677B4834}.Debug|Any CPU.ActiveCfg = Debug|Any CPU
		{61E318A9-D7A6-4D38-9743-D8AC677B4834}.Debug|Any CPU.Build.0 = Debug|Any CPU
		{61E318A9-D7A6-4D38-9743-D8AC677B4834}.Release|Any CPU.ActiveCfg = Release|Any CPU
		{61E318A9-D7A6-4D38-9743-D8AC677B4834}.Release|Any CPU.Build.0 = Release|Any CPU
		{B77B17FA-15E3-4614-B475-B4211B533FA8}.Debug|Any CPU.ActiveCfg = Debug|Any CPU
		{B77B17FA-15E3-4614-B475-B4211B533FA8}.Debug|Any CPU.Build.0 = Debug|Any CPU
		{B77B17FA-15E3-4614-B475-B4211B533FA8}.Release|Any CPU.ActiveCfg = Release|Any CPU
		{B77B17FA-15E3-4614-B475-B4211B533FA8}.Release|Any CPU.Build.0 = Release|Any CPU
		{0ECBC64E-7813-46A5-ACD5-35186FD0099F}.Debug|Any CPU.ActiveCfg = Debug|Any CPU
		{0ECBC64E-7813-46A5-ACD5-35186FD0099F}.Debug|Any CPU.Build.0 = Debug|Any CPU
		{0ECBC64E-7813-46A5-ACD5-35186FD0099F}.Release|Any CPU.ActiveCfg = Release|Any CPU
		{0ECBC64E-7813-46A5-ACD5-35186FD0099F}.Release|Any CPU.Build.0 = Release|Any CPU
	EndGlobalSection
	GlobalSection(SolutionProperties) = preSolution
		HideSolutionNode = FALSE
	EndGlobalSection
	GlobalSection(ExtensibilityGlobals) = postSolution
		SolutionGuid = {1531226E-0CB3-4BCD-9DB4-7919D33A2A4C}
	EndGlobalSection
EndGlobal
